
Microsoft Visual Studio Solution File, Format Version 12.00
# Visual Studio Version 17
VisualStudioVersion = 17.13.35825.156 d17.13
MinimumVisualStudioVersion = 10.0.40219.1
Project("{FAE04EC0-301F-11D3-BF4B-00C04F79EFBC}") = "PrePostIncDec", "PrePostIncDec.csproj", "{F73E2F9C-512B-4CFC-AC71-C997B414CA7E}"
EndProject
Global
	GlobalSection(SolutionConfigurationPlatforms) = preSolution
		Debug|Any CPU = Debug|Any CPU
		Release|Any CPU = Release|Any CPU
	EndGlobalSection
	GlobalSection(ProjectConfigurationPlatforms) = postSolution
		{F73E2F9C-512B-4CFC-AC71-C997B414CA7E}.Debug|Any CPU.ActiveCfg = Debug|Any CPU
		{F73E2F9C-512B-4CFC-AC71-C997B414CA7E}.Debug|Any CPU.Build.0 = Debug|Any CPU
		{F73E2F9C-512B-4CFC-AC71-C997B414CA7E}.Release|Any CPU.ActiveCfg = Release|Any CPU
		{F73E2F9C-512B-4CFC-AC71-C997B414CA7E}.Release|Any CPU.Build.0 = Release|Any CPU
	EndGlobalSection
	GlobalSection(SolutionProperties) = preSolution
		HideSolutionNode = FALSE
	EndGlobalSection
	GlobalSection(ExtensibilityGlobals) = postSolution
		SolutionGuid = {BF272E50-665B-48AA-B500-D91E7E251468}
	EndGlobalSection
EndGlobal
